
Microsoft Visual Studio Solution File, Format Version 12.00
# Visual Studio 15
VisualStudioVersion = 15.0.28307.757
MinimumVisualStudioVersion = 10.0.40219.1
Project("{FAE04EC0-301F-11D3-BF4B-00C04F79EFBC}") = "AppCORE", "AppCORE\AppCORE.csproj", "{E545AC9A-BB34-4158-8E03-54B3F08FD05D}"
EndProject
Global
	GlobalSection(SolutionConfigurationPlatforms) = preSolution
		Debug|Any CPU = Debug|Any CPU
		Release|Any CPU = Release|Any CPU
	EndGlobalSection
	GlobalSection(ProjectConfigurationPlatforms) = postSolution
		{E545AC9A-BB34-4158-8E03-54B3F08FD05D}.Debug|Any CPU.ActiveCfg = Debug|Any CPU
		{E545AC9A-BB34-4158-8E03-54B3F08FD05D}.Debug|Any CPU.Build.0 = Debug|Any CPU
		{E545AC9A-BB34-4158-8E03-54B3F08FD05D}.Release|Any CPU.ActiveCfg = Release|Any CPU
		{E545AC9A-BB34-4158-8E03-54B3F08FD05D}.Release|Any CPU.Build.0 = Release|Any CPU
	EndGlobalSection
	GlobalSection(SolutionProperties) = preSolution
		HideSolutionNode = FALSE
	EndGlobalSection
	GlobalSection(ExtensibilityGlobals) = postSolution
		SolutionGuid = {640933E0-C863-4B00-BCE0-F96E08B687DB}
	EndGlobalSection
EndGlobal
